
Microsoft Visual Studio Solution File, Format Version 12.00
# Visual Studio 2010
Project("{2150E333-8FDC-42A3-9474-1A3956D46DE8}") = "0 - Modelign and Design", "0 - Modelign and Design", "{3972076B-91CA-43DC-877D-915130F9A3FB}"
EndProject
Project("{2150E333-8FDC-42A3-9474-1A3956D46DE8}") = "1 - Layers", "1 - Layers", "{9749289E-AF3B-44D1-96E0-3979CF4E3448}"
EndProject
Project("{2150E333-8FDC-42A3-9474-1A3956D46DE8}") = "2 - DataBase", "2 - DataBase", "{8F763350-E13B-481A-9208-12E93CD9D9F6}"
EndProject
Project("{2150E333-8FDC-42A3-9474-1A3956D46DE8}") = "1.1 - Presentation", "1.1 - Presentation", "{89D1F9B7-4C53-4BAE-9FDD-4E8F24FD8856}"
EndProject
Project("{2150E333-8FDC-42A3-9474-1A3956D46DE8}") = "1.2 - Distributed Services", "1.2 - Distributed Services", "{99490751-36FF-49C5-BA06-3981DBFF5F35}"
EndProject
Project("{2150E333-8FDC-42A3-9474-1A3956D46DE8}") = "1.3 - Application", "1.3 - Application", "{B86C03CF-0118-4A9C-8BF9-7BA454435647}"
EndProject
Project("{2150E333-8FDC-42A3-9474-1A3956D46DE8}") = "1.4 - Domain", "1.4 - Domain", "{1F23A649-A932-4C12-83B2-20CC5DF975E7}"
EndProject
Project("{2150E333-8FDC-42A3-9474-1A3956D46DE8}") = "1.5 - Infraestructure", "1.5 - Infraestructure", "{4EBB394A-C331-4B13-8403-2F51DCCB079A}"
EndProject
Project("{FAE04EC0-301F-11D3-BF4B-00C04F79EFBC}") = "HERBProject.DB.Infrastructure", "HERBProject.DB.Infrastructure\HERBProject.DB.Infrastructure.csproj", "{EE9E3587-8161-42D0-A1FB-CB06BBFEBCE0}"
EndProject
Project("{FAE04EC0-301F-11D3-BF4B-00C04F79EFBC}") = "HERBProject.Library", "HERBProject.Library\HERBProject.Library.csproj", "{8D48807F-7D49-4444-95D7-6453AF9C13DF}"
EndProject
Project("{FAE04EC0-301F-11D3-BF4B-00C04F79EFBC}") = "HERBProject.Contracts.ServiceLibrary", "HERBProject.Contracts.ServiceLibrary\HERBProject.Contracts.ServiceLibrary.csproj", "{0F8C8F7E-94CD-4FB0-898A-8ED97B98B846}"
EndProject
Project("{FAE04EC0-301F-11D3-BF4B-00C04F79EFBC}") = "HERBProject.Impl.ServiceLibrary", "HERBProject.Impl.ServiceLibrary\HERBProject.Impl.ServiceLibrary.csproj", "{62D3F9F6-8FE6-4B1A-9584-F88CDCEE8119}"
EndProject
Project("{FAE04EC0-301F-11D3-BF4B-00C04F79EFBC}") = "HERBProject.Presentation.WebUI", "HERBProject.Presentation.WebUI\HERBProject.Presentation.WebUI.csproj", "{5818E1DC-6156-4174-81BB-39AD2F8D15CB}"
EndProject
Project("{FAE04EC0-301F-11D3-BF4B-00C04F79EFBC}") = "HERBProject.Presentation.WebUI.Tests", "HERBProject.Presentation.WebUI.Tests\HERBProject.Presentation.WebUI.Tests.csproj", "{79C020A7-740C-4AC4-99A1-63CBA4DB49D9}"
EndProject
Global
	GlobalSection(SolutionConfigurationPlatforms) = preSolution
		Debug|Any CPU = Debug|Any CPU
		Release|Any CPU = Release|Any CPU
	EndGlobalSection
	GlobalSection(ProjectConfigurationPlatforms) = postSolution
		{EE9E3587-8161-42D0-A1FB-CB06BBFEBCE0}.Debug|Any CPU.ActiveCfg = Debug|Any CPU
		{EE9E3587-8161-42D0-A1FB-CB06BBFEBCE0}.Debug|Any CPU.Build.0 = Debug|Any CPU
		{EE9E3587-8161-42D0-A1FB-CB06BBFEBCE0}.Release|Any CPU.ActiveCfg = Release|Any CPU
		{EE9E3587-8161-42D0-A1FB-CB06BBFEBCE0}.Release|Any CPU.Build.0 = Release|Any CPU
		{8D48807F-7D49-4444-95D7-6453AF9C13DF}.Debug|Any CPU.ActiveCfg = Debug|Any CPU
		{8D48807F-7D49-4444-95D7-6453AF9C13DF}.Debug|Any CPU.Build.0 = Debug|Any CPU
		{8D48807F-7D49-4444-95D7-6453AF9C13DF}.Release|Any CPU.ActiveCfg = Release|Any CPU
		{8D48807F-7D49-4444-95D7-6453AF9C13DF}.Release|Any CPU.Build.0 = Release|Any CPU
		{0F8C8F7E-94CD-4FB0-898A-8ED97B98B846}.Debug|Any CPU.ActiveCfg = Debug|Any CPU
		{0F8C8F7E-94CD-4FB0-898A-8ED97B98B846}.Debug|Any CPU.Build.0 = Debug|Any CPU
		{0F8C8F7E-94CD-4FB0-898A-8ED97B98B846}.Release|Any CPU.ActiveCfg = Release|Any CPU
		{0F8C8F7E-94CD-4FB0-898A-8ED97B98B846}.Release|Any CPU.Build.0 = Release|Any CPU
		{62D3F9F6-8FE6-4B1A-9584-F88CDCEE8119}.Debug|Any CPU.ActiveCfg = Debug|Any CPU
		{62D3F9F6-8FE6-4B1A-9584-F88CDCEE8119}.Debug|Any CPU.Build.0 = Debug|Any CPU
		{62D3F9F6-8FE6-4B1A-9584-F88CDCEE8119}.Release|Any CPU.ActiveCfg = Release|Any CPU
		{62D3F9F6-8FE6-4B1A-9584-F88CDCEE8119}.Release|Any CPU.Build.0 = Release|Any CPU
		{5818E1DC-6156-4174-81BB-39AD2F8D15CB}.Debug|Any CPU.ActiveCfg = Debug|Any CPU
		{5818E1DC-6156-4174-81BB-39AD2F8D15CB}.Debug|Any CPU.Build.0 = Debug|Any CPU
		{5818E1DC-6156-4174-81BB-39AD2F8D15CB}.Release|Any CPU.ActiveCfg = Release|Any CPU
		{5818E1DC-6156-4174-81BB-39AD2F8D15CB}.Release|Any CPU.Build.0 = Release|Any CPU
		{79C020A7-740C-4AC4-99A1-63CBA4DB49D9}.Debug|Any CPU.ActiveCfg = Debug|Any CPU
		{79C020A7-740C-4AC4-99A1-63CBA4DB49D9}.Debug|Any CPU.Build.0 = Debug|Any CPU
		{79C020A7-740C-4AC4-99A1-63CBA4DB49D9}.Release|Any CPU.ActiveCfg = Release|Any CPU
		{79C020A7-740C-4AC4-99A1-63CBA4DB49D9}.Release|Any CPU.Build.0 = Release|Any CPU
	EndGlobalSection
	GlobalSection(SolutionProperties) = preSolution
		HideSolutionNode = FALSE
	EndGlobalSection
	GlobalSection(NestedProjects) = preSolution
		{89D1F9B7-4C53-4BAE-9FDD-4E8F24FD8856} = {9749289E-AF3B-44D1-96E0-3979CF4E3448}
		{99490751-36FF-49C5-BA06-3981DBFF5F35} = {9749289E-AF3B-44D1-96E0-3979CF4E3448}
		{B86C03CF-0118-4A9C-8BF9-7BA454435647} = {9749289E-AF3B-44D1-96E0-3979CF4E3448}
		{1F23A649-A932-4C12-83B2-20CC5DF975E7} = {9749289E-AF3B-44D1-96E0-3979CF4E3448}
		{4EBB394A-C331-4B13-8403-2F51DCCB079A} = {9749289E-AF3B-44D1-96E0-3979CF4E3448}
		{5818E1DC-6156-4174-81BB-39AD2F8D15CB} = {89D1F9B7-4C53-4BAE-9FDD-4E8F24FD8856}
		{79C020A7-740C-4AC4-99A1-63CBA4DB49D9} = {89D1F9B7-4C53-4BAE-9FDD-4E8F24FD8856}
		{0F8C8F7E-94CD-4FB0-898A-8ED97B98B846} = {B86C03CF-0118-4A9C-8BF9-7BA454435647}
		{62D3F9F6-8FE6-4B1A-9584-F88CDCEE8119} = {B86C03CF-0118-4A9C-8BF9-7BA454435647}
		{8D48807F-7D49-4444-95D7-6453AF9C13DF} = {1F23A649-A932-4C12-83B2-20CC5DF975E7}
		{EE9E3587-8161-42D0-A1FB-CB06BBFEBCE0} = {4EBB394A-C331-4B13-8403-2F51DCCB079A}
	EndGlobalSection
EndGlobal
